
Microsoft Visual Studio Solution File, Format Version 12.00
# Visual Studio 14
VisualStudioVersion = 14.0.24720.0
MinimumVisualStudioVersion = 10.0.40219.1
Project("{FAE04EC0-301F-11D3-BF4B-00C04F79EFBC}") = "LetsSolveIt.DAL", "LetsSolveIt.DAL\LetsSolveIt.DAL.csproj", "{57CF8D67-ADC0-47CC-8D83-D3C843AD9111}"
EndProject
Project("{FAE04EC0-301F-11D3-BF4B-00C04F79EFBC}") = "LetsSolveIt.DomainModel", "LetsSolveIt.DomainModel\LetsSolveIt.DomainModel.csproj", "{332D4B13-6BE3-4A23-B06F-32E37FF164E1}"
EndProject
Project("{FAE04EC0-301F-11D3-BF4B-00C04F79EFBC}") = "LetsSolveIt.BLL", "LetsSolveIt.BLL\LetsSolveIt.BLL.csproj", "{E6C2BFD5-E8A3-4D46-BA2D-8246B04458F4}"
EndProject
Project("{FAE04EC0-301F-11D3-BF4B-00C04F79EFBC}") = "LetsSolveIt.WebService", "LetsSolveIt.WebService\LetsSolveIt.WebService.csproj", "{42460054-7427-4321-8485-CCAF6E0B9150}"
EndProject
Project("{FAE04EC0-301F-11D3-BF4B-00C04F79EFBC}") = "LetsSolveIt.Website", "LetsSolveIt.Website\LetsSolveIt.Website.csproj", "{9CF68A1A-B9D6-4757-B528-F38DC66C4384}"
EndProject
Global
	GlobalSection(SolutionConfigurationPlatforms) = preSolution
		Debug|Any CPU = Debug|Any CPU
		Release|Any CPU = Release|Any CPU
	EndGlobalSection
	GlobalSection(ProjectConfigurationPlatforms) = postSolution
		{57CF8D67-ADC0-47CC-8D83-D3C843AD9111}.Debug|Any CPU.ActiveCfg = Debug|Any CPU
		{57CF8D67-ADC0-47CC-8D83-D3C843AD9111}.Debug|Any CPU.Build.0 = Debug|Any CPU
		{57CF8D67-ADC0-47CC-8D83-D3C843AD9111}.Release|Any CPU.ActiveCfg = Release|Any CPU
		{57CF8D67-ADC0-47CC-8D83-D3C843AD9111}.Release|Any CPU.Build.0 = Release|Any CPU
		{332D4B13-6BE3-4A23-B06F-32E37FF164E1}.Debug|Any CPU.ActiveCfg = Debug|Any CPU
		{332D4B13-6BE3-4A23-B06F-32E37FF164E1}.Debug|Any CPU.Build.0 = Debug|Any CPU
		{332D4B13-6BE3-4A23-B06F-32E37FF164E1}.Release|Any CPU.ActiveCfg = Release|Any CPU
		{332D4B13-6BE3-4A23-B06F-32E37FF164E1}.Release|Any CPU.Build.0 = Release|Any CPU
		{E6C2BFD5-E8A3-4D46-BA2D-8246B04458F4}.Debug|Any CPU.ActiveCfg = Debug|Any CPU
		{E6C2BFD5-E8A3-4D46-BA2D-8246B04458F4}.Debug|Any CPU.Build.0 = Debug|Any CPU
		{E6C2BFD5-E8A3-4D46-BA2D-8246B04458F4}.Release|Any CPU.ActiveCfg = Release|Any CPU
		{E6C2BFD5-E8A3-4D46-BA2D-8246B04458F4}.Release|Any CPU.Build.0 = Release|Any CPU
		{42460054-7427-4321-8485-CCAF6E0B9150}.Debug|Any CPU.ActiveCfg = Debug|Any CPU
		{42460054-7427-4321-8485-CCAF6E0B9150}.Debug|Any CPU.Build.0 = Debug|Any CPU
		{42460054-7427-4321-8485-CCAF6E0B9150}.Release|Any CPU.ActiveCfg = Release|Any CPU
		{42460054-7427-4321-8485-CCAF6E0B9150}.Release|Any CPU.Build.0 = Release|Any CPU
		{9CF68A1A-B9D6-4757-B528-F38DC66C4384}.Debug|Any CPU.ActiveCfg = Debug|Any CPU
		{9CF68A1A-B9D6-4757-B528-F38DC66C4384}.Debug|Any CPU.Build.0 = Debug|Any CPU
		{9CF68A1A-B9D6-4757-B528-F38DC66C4384}.Release|Any CPU.ActiveCfg = Release|Any CPU
		{9CF68A1A-B9D6-4757-B528-F38DC66C4384}.Release|Any CPU.Build.0 = Release|Any CPU
	EndGlobalSection
	GlobalSection(SolutionProperties) = preSolution
		HideSolutionNode = FALSE
	EndGlobalSection
EndGlobal
